
Microsoft Visual Studio Solution File, Format Version 12.00
# Visual Studio Version 16
VisualStudioVersion = 16.0.29721.120
MinimumVisualStudioVersion = 10.0.40219.1
Project("{FAE04EC0-301F-11D3-BF4B-00C04F79EFBC}") = "Expenditure.Common", "Expenditure.Common\Expenditure.Common.csproj", "{2AAECEC0-2CB4-4349-BDF4-E43874EED5B4}"
EndProject
Project("{FAE04EC0-301F-11D3-BF4B-00C04F79EFBC}") = "Expenditure.Web", "Expenditure.Web\Expenditure.Web.csproj", "{991F04AF-0461-428D-8C12-F709B8701B0A}"
EndProject
Project("{FAE04EC0-301F-11D3-BF4B-00C04F79EFBC}") = "Expenditure.Prism", "Expenditure.Prism\Expenditure.Prism\Expenditure.Prism.csproj", "{5DEF8C8F-89E4-4693-AF97-A64002982486}"
EndProject
Project("{FAE04EC0-301F-11D3-BF4B-00C04F79EFBC}") = "Expenditure.Prism.Android", "Expenditure.Prism\Expenditure.Prism.Android\Expenditure.Prism.Android.csproj", "{BA846DCD-B26E-43CC-869D-A9FCF26F42A9}"
EndProject
Project("{FAE04EC0-301F-11D3-BF4B-00C04F79EFBC}") = "Expenditure.Prism.iOS", "Expenditure.Prism\Expenditure.Prism.iOS\Expenditure.Prism.iOS.csproj", "{8C55B329-983E-4741-BC67-4A973F80F075}"
EndProject
Project("{FAE04EC0-301F-11D3-BF4B-00C04F79EFBC}") = "Expenditure.Cross.IOS", "Expenditure.Cross.IOS\Expenditure.Cross.IOS.csproj", "{ED42C1E7-A55C-4FF4-A5FA-3985A18A1908}"
EndProject
Project("{FAE04EC0-301F-11D3-BF4B-00C04F79EFBC}") = "Expenditure.Cross.Android", "Expenditure.Cross.Android\Expenditure.Cross.Android.csproj", "{767CC314-DC84-4ECE-A16D-FBBAE7906CA6}"
EndProject
Global
	GlobalSection(SolutionConfigurationPlatforms) = preSolution
		Ad-Hoc|Any CPU = Ad-Hoc|Any CPU
		Ad-Hoc|iPhone = Ad-Hoc|iPhone
		Ad-Hoc|iPhoneSimulator = Ad-Hoc|iPhoneSimulator
		AppStore|Any CPU = AppStore|Any CPU
		AppStore|iPhone = AppStore|iPhone
		AppStore|iPhoneSimulator = AppStore|iPhoneSimulator
		Debug|Any CPU = Debug|Any CPU
		Debug|iPhone = Debug|iPhone
		Debug|iPhoneSimulator = Debug|iPhoneSimulator
		Release|Any CPU = Release|Any CPU
		Release|iPhone = Release|iPhone
		Release|iPhoneSimulator = Release|iPhoneSimulator
	EndGlobalSection
	GlobalSection(ProjectConfigurationPlatforms) = postSolution
		{2AAECEC0-2CB4-4349-BDF4-E43874EED5B4}.Ad-Hoc|Any CPU.ActiveCfg = Debug|Any CPU
		{2AAECEC0-2CB4-4349-BDF4-E43874EED5B4}.Ad-Hoc|Any CPU.Build.0 = Debug|Any CPU
		{2AAECEC0-2CB4-4349-BDF4-E43874EED5B4}.Ad-Hoc|iPhone.ActiveCfg = Debug|Any CPU
		{2AAECEC0-2CB4-4349-BDF4-E43874EED5B4}.Ad-Hoc|iPhone.Build.0 = Debug|Any CPU
		{2AAECEC0-2CB4-4349-BDF4-E43874EED5B4}.Ad-Hoc|iPhoneSimulator.ActiveCfg = Debug|Any CPU
		{2AAECEC0-2CB4-4349-BDF4-E43874EED5B4}.Ad-Hoc|iPhoneSimulator.Build.0 = Debug|Any CPU
		{2AAECEC0-2CB4-4349-BDF4-E43874EED5B4}.AppStore|Any CPU.ActiveCfg = Debug|Any CPU
		{2AAECEC0-2CB4-4349-BDF4-E43874EED5B4}.AppStore|Any CPU.Build.0 = Debug|Any CPU
		{2AAECEC0-2CB4-4349-BDF4-E43874EED5B4}.AppStore|iPhone.ActiveCfg = Debug|Any CPU
		{2AAECEC0-2CB4-4349-BDF4-E43874EED5B4}.AppStore|iPhone.Build.0 = Debug|Any CPU
		{2AAECEC0-2CB4-4349-BDF4-E43874EED5B4}.AppStore|iPhoneSimulator.ActiveCfg = Debug|Any CPU
		{2AAECEC0-2CB4-4349-BDF4-E43874EED5B4}.AppStore|iPhoneSimulator.Build.0 = Debug|Any CPU
		{2AAECEC0-2CB4-4349-BDF4-E43874EED5B4}.Debug|Any CPU.ActiveCfg = Debug|Any CPU
		{2AAECEC0-2CB4-4349-BDF4-E43874EED5B4}.Debug|Any CPU.Build.0 = Debug|Any CPU
		{2AAECEC0-2CB4-4349-BDF4-E43874EED5B4}.Debug|iPhone.ActiveCfg = Debug|Any CPU
		{2AAECEC0-2CB4-4349-BDF4-E43874EED5B4}.Debug|iPhone.Build.0 = Debug|Any CPU
		{2AAECEC0-2CB4-4349-BDF4-E43874EED5B4}.Debug|iPhoneSimulator.ActiveCfg = Debug|Any CPU
		{2AAECEC0-2CB4-4349-BDF4-E43874EED5B4}.Debug|iPhoneSimulator.Build.0 = Debug|Any CPU
		{2AAECEC0-2CB4-4349-BDF4-E43874EED5B4}.Release|Any CPU.ActiveCfg = Release|Any CPU
		{2AAECEC0-2CB4-4349-BDF4-E43874EED5B4}.Release|Any CPU.Build.0 = Release|Any CPU
		{2AAECEC0-2CB4-4349-BDF4-E43874EED5B4}.Release|iPhone.ActiveCfg = Release|Any CPU
		{2AAECEC0-2CB4-4349-BDF4-E43874EED5B4}.Release|iPhone.Build.0 = Release|Any CPU
		{2AAECEC0-2CB4-4349-BDF4-E43874EED5B4}.Release|iPhoneSimulator.ActiveCfg = Release|Any CPU
		{2AAECEC0-2CB4-4349-BDF4-E43874EED5B4}.Release|iPhoneSimulator.Build.0 = Release|Any CPU
		{991F04AF-0461-428D-8C12-F709B8701B0A}.Ad-Hoc|Any CPU.ActiveCfg = Debug|Any CPU
		{991F04AF-0461-428D-8C12-F709B8701B0A}.Ad-Hoc|Any CPU.Build.0 = Debug|Any CPU
		{991F04AF-0461-428D-8C12-F709B8701B0A}.Ad-Hoc|iPhone.ActiveCfg = Debug|Any CPU
		{991F04AF-0461-428D-8C12-F709B8701B0A}.Ad-Hoc|iPhone.Build.0 = Debug|Any CPU
		{991F04AF-0461-428D-8C12-F709B8701B0A}.Ad-Hoc|iPhoneSimulator.ActiveCfg = Debug|Any CPU
		{991F04AF-0461-428D-8C12-F709B8701B0A}.Ad-Hoc|iPhoneSimulator.Build.0 = Debug|Any CPU
		{991F04AF-0461-428D-8C12-F709B8701B0A}.AppStore|Any CPU.ActiveCfg = Debug|Any CPU
		{991F04AF-0461-428D-8C12-F709B8701B0A}.AppStore|Any CPU.Build.0 = Debug|Any CPU
		{991F04AF-0461-428D-8C12-F709B8701B0A}.AppStore|iPhone.ActiveCfg = Debug|Any CPU
		{991F04AF-0461-428D-8C12-F709B8701B0A}.AppStore|iPhone.Build.0 = Debug|Any CPU
		{991F04AF-0461-428D-8C12-F709B8701B0A}.AppStore|iPhoneSimulator.ActiveCfg = Debug|Any CPU
		{991F04AF-0461-428D-8C12-F709B8701B0A}.AppStore|iPhoneSimulator.Build.0 = Debug|Any CPU
		{991F04AF-0461-428D-8C12-F709B8701B0A}.Debug|Any CPU.ActiveCfg = Debug|Any CPU
		{991F04AF-0461-428D-8C12-F709B8701B0A}.Debug|Any CPU.Build.0 = Debug|Any CPU
		{991F04AF-0461-428D-8C12-F709B8701B0A}.Debug|iPhone.ActiveCfg = Debug|Any CPU
		{991F04AF-0461-428D-8C12-F709B8701B0A}.Debug|iPhone.Build.0 = Debug|Any CPU
		{991F04AF-0461-428D-8C12-F709B8701B0A}.Debug|iPhoneSimulator.ActiveCfg = Debug|Any CPU
		{991F04AF-0461-428D-8C12-F709B8701B0A}.Debug|iPhoneSimulator.Build.0 = Debug|Any CPU
		{991F04AF-0461-428D-8C12-F709B8701B0A}.Release|Any CPU.ActiveCfg = Release|Any CPU
		{991F04AF-0461-428D-8C12-F709B8701B0A}.Release|Any CPU.Build.0 = Release|Any CPU
		{991F04AF-0461-428D-8C12-F709B8701B0A}.Release|iPhone.ActiveCfg = Release|Any CPU
		{991F04AF-0461-428D-8C12-F709B8701B0A}.Release|iPhone.Build.0 = Release|Any CPU
		{991F04AF-0461-428D-8C12-F709B8701B0A}.Release|iPhoneSimulator.ActiveCfg = Release|Any CPU
		{991F04AF-0461-428D-8C12-F709B8701B0A}.Release|iPhoneSimulator.Build.0 = Release|Any CPU
		{5DEF8C8F-89E4-4693-AF97-A64002982486}.Ad-Hoc|Any CPU.ActiveCfg = Debug|Any CPU
		{5DEF8C8F-89E4-4693-AF97-A64002982486}.Ad-Hoc|Any CPU.Build.0 = Debug|Any CPU
		{5DEF8C8F-89E4-4693-AF97-A64002982486}.Ad-Hoc|iPhone.ActiveCfg = Debug|Any CPU
		{5DEF8C8F-89E4-4693-AF97-A64002982486}.Ad-Hoc|iPhone.Build.0 = Debug|Any CPU
		{5DEF8C8F-89E4-4693-AF97-A64002982486}.Ad-Hoc|iPhoneSimulator.ActiveCfg = Debug|Any CPU
		{5DEF8C8F-89E4-4693-AF97-A64002982486}.Ad-Hoc|iPhoneSimulator.Build.0 = Debug|Any CPU
		{5DEF8C8F-89E4-4693-AF97-A64002982486}.AppStore|Any CPU.ActiveCfg = Debug|Any CPU
		{5DEF8C8F-89E4-4693-AF97-A64002982486}.AppStore|Any CPU.Build.0 = Debug|Any CPU
		{5DEF8C8F-89E4-4693-AF97-A64002982486}.AppStore|iPhone.ActiveCfg = Debug|Any CPU
		{5DEF8C8F-89E4-4693-AF97-A64002982486}.AppStore|iPhone.Build.0 = Debug|Any CPU
		{5DEF8C8F-89E4-4693-AF97-A64002982486}.AppStore|iPhoneSimulator.ActiveCfg = Debug|Any CPU
		{5DEF8C8F-89E4-4693-AF97-A64002982486}.AppStore|iPhoneSimulator.Build.0 = Debug|Any CPU
		{5DEF8C8F-89E4-4693-AF97-A64002982486}.Debug|Any CPU.ActiveCfg = Debug|Any CPU
		{5DEF8C8F-89E4-4693-AF97-A64002982486}.Debug|Any CPU.Build.0 = Debug|Any CPU
		{5DEF8C8F-89E4-4693-AF97-A64002982486}.Debug|iPhone.ActiveCfg = Debug|Any CPU
		{5DEF8C8F-89E4-4693-AF97-A64002982486}.Debug|iPhone.Build.0 = Debug|Any CPU
		{5DEF8C8F-89E4-4693-AF97-A64002982486}.Debug|iPhoneSimulator.ActiveCfg = Debug|Any CPU
		{5DEF8C8F-89E4-4693-AF97-A64002982486}.Debug|iPhoneSimulator.Build.0 = Debug|Any CPU
		{5DEF8C8F-89E4-4693-AF97-A64002982486}.Release|Any CPU.ActiveCfg = Release|Any CPU
		{5DEF8C8F-89E4-4693-AF97-A64002982486}.Release|Any CPU.Build.0 = Release|Any CPU
		{5DEF8C8F-89E4-4693-AF97-A64002982486}.Release|iPhone.ActiveCfg = Release|Any CPU
		{5DEF8C8F-89E4-4693-AF97-A64002982486}.Release|iPhone.Build.0 = Release|Any CPU
		{5DEF8C8F-89E4-4693-AF97-A64002982486}.Release|iPhoneSimulator.ActiveCfg = Release|Any CPU
		{5DEF8C8F-89E4-4693-AF97-A64002982486}.Release|iPhoneSimulator.Build.0 = Release|Any CPU
		{BA846DCD-B26E-43CC-869D-A9FCF26F42A9}.Ad-Hoc|Any CPU.ActiveCfg = Release|Any CPU
		{BA846DCD-B26E-43CC-869D-A9FCF26F42A9}.Ad-Hoc|Any CPU.Build.0 = Release|Any CPU
		{BA846DCD-B26E-43CC-869D-A9FCF26F42A9}.Ad-Hoc|Any CPU.Deploy.0 = Release|Any CPU
		{BA846DCD-B26E-43CC-869D-A9FCF26F42A9}.Ad-Hoc|iPhone.ActiveCfg = Release|Any CPU
		{BA846DCD-B26E-43CC-869D-A9FCF26F42A9}.Ad-Hoc|iPhone.Build.0 = Release|Any CPU
		{BA846DCD-B26E-43CC-869D-A9FCF26F42A9}.Ad-Hoc|iPhone.Deploy.0 = Release|Any CPU
		{BA846DCD-B26E-43CC-869D-A9FCF26F42A9}.Ad-Hoc|iPhoneSimulator.ActiveCfg = Release|Any CPU
		{BA846DCD-B26E-43CC-869D-A9FCF26F42A9}.Ad-Hoc|iPhoneSimulator.Build.0 = Release|Any CPU
		{BA846DCD-B26E-43CC-869D-A9FCF26F42A9}.Ad-Hoc|iPhoneSimulator.Deploy.0 = Release|Any CPU
		{BA846DCD-B26E-43CC-869D-A9FCF26F42A9}.AppStore|Any CPU.ActiveCfg = Release|Any CPU
		{BA846DCD-B26E-43CC-869D-A9FCF26F42A9}.AppStore|Any CPU.Build.0 = Release|Any CPU
		{BA846DCD-B26E-43CC-869D-A9FCF26F42A9}.AppStore|Any CPU.Deploy.0 = Release|Any CPU
		{BA846DCD-B26E-43CC-869D-A9FCF26F42A9}.AppStore|iPhone.ActiveCfg = Release|Any CPU
		{BA846DCD-B26E-43CC-869D-A9FCF26F42A9}.AppStore|iPhone.Build.0 = Release|Any CPU
		{BA846DCD-B26E-43CC-869D-A9FCF26F42A9}.AppStore|iPhone.Deploy.0 = Release|Any CPU
		{BA846DCD-B26E-43CC-869D-A9FCF26F42A9}.AppStore|iPhoneSimulator.ActiveCfg = Release|Any CPU
		{BA846DCD-B26E-43CC-869D-A9FCF26F42A9}.AppStore|iPhoneSimulator.Build.0 = Release|Any CPU
		{BA846DCD-B26E-43CC-869D-A9FCF26F42A9}.AppStore|iPhoneSimulator.Deploy.0 = Release|Any CPU
		{BA846DCD-B26E-43CC-869D-A9FCF26F42A9}.Debug|Any CPU.ActiveCfg = Debug|Any CPU
		{BA846DCD-B26E-43CC-869D-A9FCF26F42A9}.Debug|Any CPU.Build.0 = Debug|Any CPU
		{BA846DCD-B26E-43CC-869D-A9FCF26F42A9}.Debug|Any CPU.Deploy.0 = Debug|Any CPU
		{BA846DCD-B26E-43CC-869D-A9FCF26F42A9}.Debug|iPhone.ActiveCfg = Debug|Any CPU
		{BA846DCD-B26E-43CC-869D-A9FCF26F42A9}.Debug|iPhone.Build.0 = Debug|Any CPU
		{BA846DCD-B26E-43CC-869D-A9FCF26F42A9}.Debug|iPhone.Deploy.0 = Debug|Any CPU
		{BA846DCD-B26E-43CC-869D-A9FCF26F42A9}.Debug|iPhoneSimulator.ActiveCfg = Debug|Any CPU
		{BA846DCD-B26E-43CC-869D-A9FCF26F42A9}.Debug|iPhoneSimulator.Build.0 = Debug|Any CPU
		{BA846DCD-B26E-43CC-869D-A9FCF26F42A9}.Debug|iPhoneSimulator.Deploy.0 = Debug|Any CPU
		{BA846DCD-B26E-43CC-869D-A9FCF26F42A9}.Release|Any CPU.ActiveCfg = Release|Any CPU
		{BA846DCD-B26E-43CC-869D-A9FCF26F42A9}.Release|Any CPU.Build.0 = Release|Any CPU
		{BA846DCD-B26E-43CC-869D-A9FCF26F42A9}.Release|Any CPU.Deploy.0 = Release|Any CPU
		{BA846DCD-B26E-43CC-869D-A9FCF26F42A9}.Release|iPhone.ActiveCfg = Release|Any CPU
		{BA846DCD-B26E-43CC-869D-A9FCF26F42A9}.Release|iPhone.Build.0 = Release|Any CPU
		{BA846DCD-B26E-43CC-869D-A9FCF26F42A9}.Release|iPhone.Deploy.0 = Release|Any CPU
		{BA846DCD-B26E-43CC-869D-A9FCF26F42A9}.Release|iPhoneSimulator.ActiveCfg = Release|Any CPU
		{BA846DCD-B26E-43CC-869D-A9FCF26F42A9}.Release|iPhoneSimulator.Build.0 = Release|Any CPU
		{BA846DCD-B26E-43CC-869D-A9FCF26F42A9}.Release|iPhoneSimulator.Deploy.0 = Release|Any CPU
		{8C55B329-983E-4741-BC67-4A973F80F075}.Ad-Hoc|Any CPU.ActiveCfg = Ad-Hoc|iPhone
		{8C55B329-983E-4741-BC67-4A973F80F075}.Ad-Hoc|iPhone.ActiveCfg = Ad-Hoc|iPhone
		{8C55B329-983E-4741-BC67-4A973F80F075}.Ad-Hoc|iPhone.Build.0 = Ad-Hoc|iPhone
		{8C55B329-983E-4741-BC67-4A973F80F075}.Ad-Hoc|iPhoneSimulator.ActiveCfg = Ad-Hoc|iPhoneSimulator
		{8C55B329-983E-4741-BC67-4A973F80F075}.Ad-Hoc|iPhoneSimulator.Build.0 = Ad-Hoc|iPhoneSimulator
		{8C55B329-983E-4741-BC67-4A973F80F075}.AppStore|Any CPU.ActiveCfg = AppStore|iPhone
		{8C55B329-983E-4741-BC67-4A973F80F075}.AppStore|iPhone.ActiveCfg = AppStore|iPhone
		{8C55B329-983E-4741-BC67-4A973F80F075}.AppStore|iPhone.Build.0 = AppStore|iPhone
		{8C55B329-983E-4741-BC67-4A973F80F075}.AppStore|iPhoneSimulator.ActiveCfg = AppStore|iPhoneSimulator
		{8C55B329-983E-4741-BC67-4A973F80F075}.AppStore|iPhoneSimulator.Build.0 = AppStore|iPhoneSimulator
		{8C55B329-983E-4741-BC67-4A973F80F075}.Debug|Any CPU.ActiveCfg = Debug|iPhone
		{8C55B329-983E-4741-BC67-4A973F80F075}.Debug|iPhone.ActiveCfg = Debug|iPhone
		{8C55B329-983E-4741-BC67-4A973F80F075}.Debug|iPhone.Build.0 = Debug|iPhone
		{8C55B329-983E-4741-BC67-4A973F80F075}.Debug|iPhoneSimulator.ActiveCfg = Debug|iPhoneSimulator
		{8C55B329-983E-4741-BC67-4A973F80F075}.Debug|iPhoneSimulator.Build.0 = Debug|iPhoneSimulator
		{8C55B329-983E-4741-BC67-4A973F80F075}.Release|Any CPU.ActiveCfg = Release|iPhone
		{8C55B329-983E-4741-BC67-4A973F80F075}.Release|iPhone.ActiveCfg = Release|iPhone
		{8C55B329-983E-4741-BC67-4A973F80F075}.Release|iPhone.Build.0 = Release|iPhone
		{8C55B329-983E-4741-BC67-4A973F80F075}.Release|iPhoneSimulator.ActiveCfg = Release|iPhoneSimulator
		{8C55B329-983E-4741-BC67-4A973F80F075}.Release|iPhoneSimulator.Build.0 = Release|iPhoneSimulator
		{ED42C1E7-A55C-4FF4-A5FA-3985A18A1908}.Ad-Hoc|Any CPU.ActiveCfg = Release|iPhone
		{ED42C1E7-A55C-4FF4-A5FA-3985A18A1908}.Ad-Hoc|Any CPU.Build.0 = Release|iPhone
		{ED42C1E7-A55C-4FF4-A5FA-3985A18A1908}.Ad-Hoc|iPhone.ActiveCfg = Release|iPhone
		{ED42C1E7-A55C-4FF4-A5FA-3985A18A1908}.Ad-Hoc|iPhone.Build.0 = Release|iPhone
		{ED42C1E7-A55C-4FF4-A5FA-3985A18A1908}.Ad-Hoc|iPhoneSimulator.ActiveCfg = Release|iPhoneSimulator
		{ED42C1E7-A55C-4FF4-A5FA-3985A18A1908}.Ad-Hoc|iPhoneSimulator.Build.0 = Release|iPhoneSimulator
		{ED42C1E7-A55C-4FF4-A5FA-3985A18A1908}.AppStore|Any CPU.ActiveCfg = Release|iPhone
		{ED42C1E7-A55C-4FF4-A5FA-3985A18A1908}.AppStore|Any CPU.Build.0 = Release|iPhone
		{ED42C1E7-A55C-4FF4-A5FA-3985A18A1908}.AppStore|iPhone.ActiveCfg = Release|iPhone
		{ED42C1E7-A55C-4FF4-A5FA-3985A18A1908}.AppStore|iPhone.Build.0 = Release|iPhone
		{ED42C1E7-A55C-4FF4-A5FA-3985A18A1908}.AppStore|iPhoneSimulator.ActiveCfg = Release|iPhoneSimulator
		{ED42C1E7-A55C-4FF4-A5FA-3985A18A1908}.AppStore|iPhoneSimulator.Build.0 = Release|iPhoneSimulator
		{ED42C1E7-A55C-4FF4-A5FA-3985A18A1908}.Debug|Any CPU.ActiveCfg = Debug|iPhone
		{ED42C1E7-A55C-4FF4-A5FA-3985A18A1908}.Debug|iPhone.ActiveCfg = Debug|iPhone
		{ED42C1E7-A55C-4FF4-A5FA-3985A18A1908}.Debug|iPhone.Build.0 = Debug|iPhone
		{ED42C1E7-A55C-4FF4-A5FA-3985A18A1908}.Debug|iPhoneSimulator.ActiveCfg = Debug|iPhoneSimulator
		{ED42C1E7-A55C-4FF4-A5FA-3985A18A1908}.Debug|iPhoneSimulator.Build.0 = Debug|iPhoneSimulator
		{ED42C1E7-A55C-4FF4-A5FA-3985A18A1908}.Release|Any CPU.ActiveCfg = Release|iPhone
		{ED42C1E7-A55C-4FF4-A5FA-3985A18A1908}.Release|iPhone.ActiveCfg = Release|iPhone
		{ED42C1E7-A55C-4FF4-A5FA-3985A18A1908}.Release|iPhone.Build.0 = Release|iPhone
		{ED42C1E7-A55C-4FF4-A5FA-3985A18A1908}.Release|iPhoneSimulator.ActiveCfg = Release|iPhoneSimulator
		{ED42C1E7-A55C-4FF4-A5FA-3985A18A1908}.Release|iPhoneSimulator.Build.0 = Release|iPhoneSimulator
		{767CC314-DC84-4ECE-A16D-FBBAE7906CA6}.Ad-Hoc|Any CPU.ActiveCfg = Release|Any CPU
		{767CC314-DC84-4ECE-A16D-FBBAE7906CA6}.Ad-Hoc|Any CPU.Build.0 = Release|Any CPU
		{767CC314-DC84-4ECE-A16D-FBBAE7906CA6}.Ad-Hoc|Any CPU.Deploy.0 = Release|Any CPU
		{767CC314-DC84-4ECE-A16D-FBBAE7906CA6}.Ad-Hoc|iPhone.ActiveCfg = Release|Any CPU
		{767CC314-DC84-4ECE-A16D-FBBAE7906CA6}.Ad-Hoc|iPhone.Build.0 = Release|Any CPU
		{767CC314-DC84-4ECE-A16D-FBBAE7906CA6}.Ad-Hoc|iPhone.Deploy.0 = Release|Any CPU
		{767CC314-DC84-4ECE-A16D-FBBAE7906CA6}.Ad-Hoc|iPhoneSimulator.ActiveCfg = Release|Any CPU
		{767CC314-DC84-4ECE-A16D-FBBAE7906CA6}.Ad-Hoc|iPhoneSimulator.Build.0 = Release|Any CPU
		{767CC314-DC84-4ECE-A16D-FBBAE7906CA6}.Ad-Hoc|iPhoneSimulator.Deploy.0 = Release|Any CPU
		{767CC314-DC84-4ECE-A16D-FBBAE7906CA6}.AppStore|Any CPU.ActiveCfg = Release|Any CPU
		{767CC314-DC84-4ECE-A16D-FBBAE7906CA6}.AppStore|Any CPU.Build.0 = Release|Any CPU
		{767CC314-DC84-4ECE-A16D-FBBAE7906CA6}.AppStore|Any CPU.Deploy.0 = Release|Any CPU
		{767CC314-DC84-4ECE-A16D-FBBAE7906CA6}.AppStore|iPhone.ActiveCfg = Release|Any CPU
		{767CC314-DC84-4ECE-A16D-FBBAE7906CA6}.AppStore|iPhone.Build.0 = Release|Any CPU
		{767CC314-DC84-4ECE-A16D-FBBAE7906CA6}.AppStore|iPhone.Deploy.0 = Release|Any CPU
		{767CC314-DC84-4ECE-A16D-FBBAE7906CA6}.AppStore|iPhoneSimulator.ActiveCfg = Release|Any CPU
		{767CC314-DC84-4ECE-A16D-FBBAE7906CA6}.AppStore|iPhoneSimulator.Build.0 = Release|Any CPU
		{767CC314-DC84-4ECE-A16D-FBBAE7906CA6}.AppStore|iPhoneSimulator.Deploy.0 = Release|Any CPU
		{767CC314-DC84-4ECE-A16D-FBBAE7906CA6}.Debug|Any CPU.ActiveCfg = Debug|Any CPU
		{767CC314-DC84-4ECE-A16D-FBBAE7906CA6}.Debug|Any CPU.Build.0 = Debug|Any CPU
		{767CC314-DC84-4ECE-A16D-FBBAE7906CA6}.Debug|Any CPU.Deploy.0 = Debug|Any CPU
		{767CC314-DC84-4ECE-A16D-FBBAE7906CA6}.Debug|iPhone.ActiveCfg = Debug|Any CPU
		{767CC314-DC84-4ECE-A16D-FBBAE7906CA6}.Debug|iPhone.Build.0 = Debug|Any CPU
		{767CC314-DC84-4ECE-A16D-FBBAE7906CA6}.Debug|iPhone.Deploy.0 = Debug|Any CPU
		{767CC314-DC84-4ECE-A16D-FBBAE7906CA6}.Debug|iPhoneSimulator.ActiveCfg = Debug|Any CPU
		{767CC314-DC84-4ECE-A16D-FBBAE7906CA6}.Debug|iPhoneSimulator.Build.0 = Debug|Any CPU
		{767CC314-DC84-4ECE-A16D-FBBAE7906CA6}.Debug|iPhoneSimulator.Deploy.0 = Debug|Any CPU
		{767CC314-DC84-4ECE-A16D-FBBAE7906CA6}.Release|Any CPU.ActiveCfg = Release|Any CPU
		{767CC314-DC84-4ECE-A16D-FBBAE7906CA6}.Release|Any CPU.Build.0 = Release|Any CPU
		{767CC314-DC84-4ECE-A16D-FBBAE7906CA6}.Release|Any CPU.Deploy.0 = Release|Any CPU
		{767CC314-DC84-4ECE-A16D-FBBAE7906CA6}.Release|iPhone.ActiveCfg = Release|Any CPU
		{767CC314-DC84-4ECE-A16D-FBBAE7906CA6}.Release|iPhone.Build.0 = Release|Any CPU
		{767CC314-DC84-4ECE-A16D-FBBAE7906CA6}.Release|iPhone.Deploy.0 = Release|Any CPU
		{767CC314-DC84-4ECE-A16D-FBBAE7906CA6}.Release|iPhoneSimulator.ActiveCfg = Release|Any CPU
		{767CC314-DC84-4ECE-A16D-FBBAE7906CA6}.Release|iPhoneSimulator.Build.0 = Release|Any CPU
		{767CC314-DC84-4ECE-A16D-FBBAE7906CA6}.Release|iPhoneSimulator.Deploy.0 = Release|Any CPU
	EndGlobalSection
	GlobalSection(SolutionProperties) = preSolution
		HideSolutionNode = FALSE
	EndGlobalSection
	GlobalSection(ExtensibilityGlobals) = postSolution
		SolutionGuid = {93824B9E-B587-400E-943B-E6C9837814DF}
	EndGlobalSection
EndGlobal
